// !$*UTF8*$!
{
	archiveVersion = 1;
	classes = {
	};
	objectVersion = 56;
	objects = {

/* Begin PBXBuildFile section */
		80712CD82974C454000475FF /* README.md in Resources */ = {isa = PBXBuildFile; fileRef = 80712CD72974C454000475FF /* README.md */; };
		80712CDA2974C62B000475FF /* RMService.swift in Sources */ = {isa = PBXBuildFile; fileRef = 80712CD92974C62B000475FF /* RMService.swift */; };
		80712CDC2974C637000475FF /* RMRequest.swift in Sources */ = {isa = PBXBuildFile; fileRef = 80712CDB2974C637000475FF /* RMRequest.swift */; };
		80712CDE2974C752000475FF /* RMEndpoint.swift in Sources */ = {isa = PBXBuildFile; fileRef = 80712CDD2974C752000475FF /* RMEndpoint.swift */; };
		80D6E4C229574948000C66C0 /* AppDelegate.swift in Sources */ = {isa = PBXBuildFile; fileRef = 80D6E4C129574948000C66C0 /* AppDelegate.swift */; };
		80D6E4C429574948000C66C0 /* SceneDelegate.swift in Sources */ = {isa = PBXBuildFile; fileRef = 80D6E4C329574948000C66C0 /* SceneDelegate.swift */; };
		80D6E4C629574948000C66C0 /* RMTabViewController.swift in Sources */ = {isa = PBXBuildFile; fileRef = 80D6E4C529574948000C66C0 /* RMTabViewController.swift */; };
		80D6E4CB2957494A000C66C0 /* Assets.xcassets in Resources */ = {isa = PBXBuildFile; fileRef = 80D6E4CA2957494A000C66C0 /* Assets.xcassets */; };
		80D6E4CE2957494A000C66C0 /* LaunchScreen.storyboard in Resources */ = {isa = PBXBuildFile; fileRef = 80D6E4CC2957494A000C66C0 /* LaunchScreen.storyboard */; };
		80D6E4DE29574D02000C66C0 /* RMLocation.swift in Sources */ = {isa = PBXBuildFile; fileRef = 80D6E4DD29574D02000C66C0 /* RMLocation.swift */; };
		80D6E4E029574D0E000C66C0 /* RMCharacter.swift in Sources */ = {isa = PBXBuildFile; fileRef = 80D6E4DF29574D0E000C66C0 /* RMCharacter.swift */; };
		80D6E4E229574D19000C66C0 /* RMEpisode.swift in Sources */ = {isa = PBXBuildFile; fileRef = 80D6E4E129574D19000C66C0 /* RMEpisode.swift */; };
		80D6E4E529574DFA000C66C0 /* RMCharactersViewController.swift in Sources */ = {isa = PBXBuildFile; fileRef = 80D6E4E429574DFA000C66C0 /* RMCharactersViewController.swift */; };
		80D6E4E729574E07000C66C0 /* RMLocationsViewController.swift in Sources */ = {isa = PBXBuildFile; fileRef = 80D6E4E629574E07000C66C0 /* RMLocationsViewController.swift */; };
		80D6E4E929574E18000C66C0 /* RMEpisodesViewController.swift in Sources */ = {isa = PBXBuildFile; fileRef = 80D6E4E829574E18000C66C0 /* RMEpisodesViewController.swift */; };
		80D6E4EB29574E2C000C66C0 /* RMSettingsViewController.swift in Sources */ = {isa = PBXBuildFile; fileRef = 80D6E4EA29574E2C000C66C0 /* RMSettingsViewController.swift */; };
		80F25D13295A36E3000D69DD /* UIView + Extension.swift in Sources */ = {isa = PBXBuildFile; fileRef = 80F25D12295A36E2000D69DD /* UIView + Extension.swift */; };
/* End PBXBuildFile section */

/* Begin PBXFileReference section */
		80712CD72974C454000475FF /* README.md */ = {isa = PBXFileReference; fileEncoding = 4; lastKnownFileType = net.daringfireball.markdown; path = README.md; sourceTree = "<group>"; };
		80712CD92974C62B000475FF /* RMService.swift */ = {isa = PBXFileReference; lastKnownFileType = sourcecode.swift; path = RMService.swift; sourceTree = "<group>"; };
		80712CDB2974C637000475FF /* RMRequest.swift */ = {isa = PBXFileReference; lastKnownFileType = sourcecode.swift; path = RMRequest.swift; sourceTree = "<group>"; };
		80712CDD2974C752000475FF /* RMEndpoint.swift */ = {isa = PBXFileReference; lastKnownFileType = sourcecode.swift; path = RMEndpoint.swift; sourceTree = "<group>"; };
		80D6E4BE29574948000C66C0 /* RickAndMorty.app */ = {isa = PBXFileReference; explicitFileType = wrapper.application; includeInIndex = 0; path = RickAndMorty.app; sourceTree = BUILT_PRODUCTS_DIR; };
		80D6E4C129574948000C66C0 /* AppDelegate.swift */ = {isa = PBXFileReference; lastKnownFileType = sourcecode.swift; path = AppDelegate.swift; sourceTree = "<group>"; };
		80D6E4C329574948000C66C0 /* SceneDelegate.swift */ = {isa = PBXFileReference; lastKnownFileType = sourcecode.swift; path = SceneDelegate.swift; sourceTree = "<group>"; };
		80D6E4C529574948000C66C0 /* RMTabViewController.swift */ = {isa = PBXFileReference; lastKnownFileType = sourcecode.swift; path = RMTabViewController.swift; sourceTree = "<group>"; };
		80D6E4CA2957494A000C66C0 /* Assets.xcassets */ = {isa = PBXFileReference; lastKnownFileType = folder.assetcatalog; path = Assets.xcassets; sourceTree = "<group>"; };
		80D6E4CD2957494A000C66C0 /* Base */ = {isa = PBXFileReference; lastKnownFileType = file.storyboard; name = Base; path = Base.lproj/LaunchScreen.storyboard; sourceTree = "<group>"; };
		80D6E4CF2957494A000C66C0 /* Info.plist */ = {isa = PBXFileReference; lastKnownFileType = text.plist.xml; path = Info.plist; sourceTree = "<group>"; };
		80D6E4DD29574D02000C66C0 /* RMLocation.swift */ = {isa = PBXFileReference; lastKnownFileType = sourcecode.swift; path = RMLocation.swift; sourceTree = "<group>"; };
		80D6E4DF29574D0E000C66C0 /* RMCharacter.swift */ = {isa = PBXFileReference; lastKnownFileType = sourcecode.swift; path = RMCharacter.swift; sourceTree = "<group>"; };
		80D6E4E129574D19000C66C0 /* RMEpisode.swift */ = {isa = PBXFileReference; lastKnownFileType = sourcecode.swift; path = RMEpisode.swift; sourceTree = "<group>"; };
		80D6E4E429574DFA000C66C0 /* RMCharactersViewController.swift */ = {isa = PBXFileReference; lastKnownFileType = sourcecode.swift; path = RMCharactersViewController.swift; sourceTree = "<group>"; };
		80D6E4E629574E07000C66C0 /* RMLocationsViewController.swift */ = {isa = PBXFileReference; lastKnownFileType = sourcecode.swift; path = RMLocationsViewController.swift; sourceTree = "<group>"; };
		80D6E4E829574E18000C66C0 /* RMEpisodesViewController.swift */ = {isa = PBXFileReference; lastKnownFileType = sourcecode.swift; path = RMEpisodesViewController.swift; sourceTree = "<group>"; };
		80D6E4EA29574E2C000C66C0 /* RMSettingsViewController.swift */ = {isa = PBXFileReference; lastKnownFileType = sourcecode.swift; path = RMSettingsViewController.swift; sourceTree = "<group>"; };
		80F25D12295A36E2000D69DD /* UIView + Extension.swift */ = {isa = PBXFileReference; lastKnownFileType = sourcecode.swift; path = "UIView + Extension.swift"; sourceTree = "<group>"; };
/* End PBXFileReference section */

/* Begin PBXFrameworksBuildPhase section */
		80D6E4BB29574948000C66C0 /* Frameworks */ = {
			isa = PBXFrameworksBuildPhase;
			buildActionMask = 2147483647;
			files = (
			);
			runOnlyForDeploymentPostprocessing = 0;
		};
/* End PBXFrameworksBuildPhase section */

/* Begin PBXGroup section */
		80D6E4B529574948000C66C0 = {
			isa = PBXGroup;
			children = (
				80712CD72974C454000475FF /* README.md */,
				80D6E4C029574948000C66C0 /* RickAndMorty */,
				80D6E4BF29574948000C66C0 /* Products */,
			);
			sourceTree = "<group>";
		};
		80D6E4BF29574948000C66C0 /* Products */ = {
			isa = PBXGroup;
			children = (
				80D6E4BE29574948000C66C0 /* RickAndMorty.app */,
			);
			name = Products;
			sourceTree = "<group>";
		};
		80D6E4C029574948000C66C0 /* RickAndMorty */ = {
			isa = PBXGroup;
			children = (
				80D6E4DC29574C43000C66C0 /* Application */,
				80D6E4DA29574C1B000C66C0 /* Managers */,
				80D6E4D929574C0F000C66C0 /* APIClient */,
				80D6E4D629574BEF000C66C0 /* Models */,
				80D6E4D729574BF5000C66C0 /* Views */,
				80D6E4D829574BFD000C66C0 /* ViewModels */,
				80D6E4D529574BE7000C66C0 /* Controllers */,
				80F25D10295A3681000D69DD /* Extensions */,
				80D6E4DB29574C22000C66C0 /* Resources */,
			);
			path = RickAndMorty;
			sourceTree = "<group>";
		};
		80D6E4D529574BE7000C66C0 /* Controllers */ = {
			isa = PBXGroup;
			children = (
				80D6E4E329574DBD000C66C0 /* Navigation */,
			);
			path = Controllers;
			sourceTree = "<group>";
		};
		80D6E4D629574BEF000C66C0 /* Models */ = {
			isa = PBXGroup;
			children = (
				80D6E4DD29574D02000C66C0 /* RMLocation.swift */,
				80D6E4DF29574D0E000C66C0 /* RMCharacter.swift */,
				80D6E4E129574D19000C66C0 /* RMEpisode.swift */,
			);
			path = Models;
			sourceTree = "<group>";
		};
		80D6E4D729574BF5000C66C0 /* Views */ = {
			isa = PBXGroup;
			children = (
			);
			path = Views;
			sourceTree = "<group>";
		};
		80D6E4D829574BFD000C66C0 /* ViewModels */ = {
			isa = PBXGroup;
			children = (
			);
			path = ViewModels;
			sourceTree = "<group>";
		};
		80D6E4D929574C0F000C66C0 /* APIClient */ = {
			isa = PBXGroup;
			children = (
				80712CD92974C62B000475FF /* RMService.swift */,
				80712CDB2974C637000475FF /* RMRequest.swift */,
				80712CDD2974C752000475FF /* RMEndpoint.swift */,
			);
			path = APIClient;
			sourceTree = "<group>";
		};
		80D6E4DA29574C1B000C66C0 /* Managers */ = {
			isa = PBXGroup;
			children = (
			);
			path = Managers;
			sourceTree = "<group>";
		};
		80D6E4DB29574C22000C66C0 /* Resources */ = {
			isa = PBXGroup;
			children = (
				80D6E4CA2957494A000C66C0 /* Assets.xcassets */,
				80D6E4CC2957494A000C66C0 /* LaunchScreen.storyboard */,
				80D6E4CF2957494A000C66C0 /* Info.plist */,
			);
			path = Resources;
			sourceTree = "<group>";
		};
		80D6E4DC29574C43000C66C0 /* Application */ = {
			isa = PBXGroup;
			children = (
				80D6E4C129574948000C66C0 /* AppDelegate.swift */,
				80D6E4C329574948000C66C0 /* SceneDelegate.swift */,
			);
			path = Application;
			sourceTree = "<group>";
		};
		80D6E4E329574DBD000C66C0 /* Navigation */ = {
			isa = PBXGroup;
			children = (
				80D6E4C529574948000C66C0 /* RMTabViewController.swift */,
				80D6E4E429574DFA000C66C0 /* RMCharactersViewController.swift */,
				80D6E4E629574E07000C66C0 /* RMLocationsViewController.swift */,
				80D6E4E829574E18000C66C0 /* RMEpisodesViewController.swift */,
				80D6E4EA29574E2C000C66C0 /* RMSettingsViewController.swift */,
			);
			path = Navigation;
			sourceTree = "<group>";
		};
		80F25D10295A3681000D69DD /* Extensions */ = {
			isa = PBXGroup;
			children = (
				80F25D11295A36C3000D69DD /* UIKit */,
			);
			path = Extensions;
			sourceTree = "<group>";
		};
		80F25D11295A36C3000D69DD /* UIKit */ = {
			isa = PBXGroup;
			children = (
				80F25D12295A36E2000D69DD /* UIView + Extension.swift */,
			);
			path = UIKit;
			sourceTree = "<group>";
		};
/* End PBXGroup section */

/* Begin PBXNativeTarget section */
		80D6E4BD29574948000C66C0 /* RickAndMorty */ = {
			isa = PBXNativeTarget;
			buildConfigurationList = 80D6E4D22957494A000C66C0 /* Build configuration list for PBXNativeTarget "RickAndMorty" */;
			buildPhases = (
				80D6E4BA29574948000C66C0 /* Sources */,
				80D6E4BB29574948000C66C0 /* Frameworks */,
				80D6E4BC29574948000C66C0 /* Resources */,
			);
			buildRules = (
			);
			dependencies = (
			);
			name = RickAndMorty;
			productName = RickAndMorty;
			productReference = 80D6E4BE29574948000C66C0 /* RickAndMorty.app */;
			productType = "com.apple.product-type.application";
		};
/* End PBXNativeTarget section */

/* Begin PBXProject section */
		80D6E4B629574948000C66C0 /* Project object */ = {
			isa = PBXProject;
			attributes = {
				BuildIndependentTargetsInParallel = 1;
				LastSwiftUpdateCheck = 1410;
				LastUpgradeCheck = 1410;
				TargetAttributes = {
					80D6E4BD29574948000C66C0 = {
						CreatedOnToolsVersion = 14.1;
					};
				};
			};
			buildConfigurationList = 80D6E4B929574948000C66C0 /* Build configuration list for PBXProject "RickAndMorty" */;
			compatibilityVersion = "Xcode 14.0";
			developmentRegion = en;
			hasScannedForEncodings = 0;
			knownRegions = (
				en,
				Base,
			);
			mainGroup = 80D6E4B529574948000C66C0;
			productRefGroup = 80D6E4BF29574948000C66C0 /* Products */;
			projectDirPath = "";
			projectRoot = "";
			targets = (
				80D6E4BD29574948000C66C0 /* RickAndMorty */,
			);
		};
/* End PBXProject section */

/* Begin PBXResourcesBuildPhase section */
		80D6E4BC29574948000C66C0 /* Resources */ = {
			isa = PBXResourcesBuildPhase;
			buildActionMask = 2147483647;
			files = (
				80712CD82974C454000475FF /* README.md in Resources */,
				80D6E4CE2957494A000C66C0 /* LaunchScreen.storyboard in Resources */,
				80D6E4CB2957494A000C66C0 /* Assets.xcassets in Resources */,
			);
			runOnlyForDeploymentPostprocessing = 0;
		};
/* End PBXResourcesBuildPhase section */

/* Begin PBXSourcesBuildPhase section */
		80D6E4BA29574948000C66C0 /* Sources */ = {
			isa = PBXSourcesBuildPhase;
			buildActionMask = 2147483647;
			files = (
				80D6E4E729574E07000C66C0 /* RMLocationsViewController.swift in Sources */,
				80D6E4E229574D19000C66C0 /* RMEpisode.swift in Sources */,
				80712CDA2974C62B000475FF /* RMService.swift in Sources */,
				80D6E4C629574948000C66C0 /* RMTabViewController.swift in Sources */,
				80D6E4E929574E18000C66C0 /* RMEpisodesViewController.swift in Sources */,
				80F25D13295A36E3000D69DD /* UIView + Extension.swift in Sources */,
				80712CDC2974C637000475FF /* RMRequest.swift in Sources */,
				80712CDE2974C752000475FF /* RMEndpoint.swift in Sources */,
				80D6E4C229574948000C66C0 /* AppDelegate.swift in Sources */,
				80D6E4C429574948000C66C0 /* SceneDelegate.swift in Sources */,
				80D6E4EB29574E2C000C66C0 /* RMSettingsViewController.swift in Sources */,
				80D6E4DE29574D02000C66C0 /* RMLocation.swift in Sources */,
				80D6E4E029574D0E000C66C0 /* RMCharacter.swift in Sources */,
				80D6E4E529574DFA000C66C0 /* RMCharactersViewController.swift in Sources */,
			);
			runOnlyForDeploymentPostprocessing = 0;
		};
/* End PBXSourcesBuildPhase section */

/* Begin PBXVariantGroup section */
		80D6E4CC2957494A000C66C0 /* LaunchScreen.storyboard */ = {
			isa = PBXVariantGroup;
			children = (
				80D6E4CD2957494A000C66C0 /* Base */,
			);
			name = LaunchScreen.storyboard;
			sourceTree = "<group>";
		};
/* End PBXVariantGroup section */

/* Begin XCBuildConfiguration section */
		80D6E4D02957494A000C66C0 /* Debug */ = {
			isa = XCBuildConfiguration;
			buildSettings = {
				ALWAYS_SEARCH_USER_PATHS = NO;
				CLANG_ANALYZER_NONNULL = YES;
				CLANG_ANALYZER_NUMBER_OBJECT_CONVERSION = YES_AGGRESSIVE;
				CLANG_CXX_LANGUAGE_STANDARD = "gnu++20";
				CLANG_ENABLE_MODULES = YES;
				CLANG_ENABLE_OBJC_ARC = YES;
				CLANG_ENABLE_OBJC_WEAK = YES;
				CLANG_WARN_BLOCK_CAPTURE_AUTORELEASING = YES;
				CLANG_WARN_BOOL_CONVERSION = YES;
				CLANG_WARN_COMMA = YES;
				CLANG_WARN_CONSTANT_CONVERSION = YES;
				CLANG_WARN_DEPRECATED_OBJC_IMPLEMENTATIONS = YES;
				CLANG_WARN_DIRECT_OBJC_ISA_USAGE = YES_ERROR;
				CLANG_WARN_DOCUMENTATION_COMMENTS = YES;
				CLANG_WARN_EMPTY_BODY = YES;
				CLANG_WARN_ENUM_CONVERSION = YES;
				CLANG_WARN_INFINITE_RECURSION = YES;
				CLANG_WARN_INT_CONVERSION = YES;
				CLANG_WARN_NON_LITERAL_NULL_CONVERSION = YES;
				CLANG_WARN_OBJC_IMPLICIT_RETAIN_SELF = YES;
				CLANG_WARN_OBJC_LITERAL_CONVERSION = YES;
				CLANG_WARN_OBJC_ROOT_CLASS = YES_ERROR;
				CLANG_WARN_QUOTED_INCLUDE_IN_FRAMEWORK_HEADER = YES;
				CLANG_WARN_RANGE_LOOP_ANALYSIS = YES;
				CLANG_WARN_STRICT_PROTOTYPES = YES;
				CLANG_WARN_SUSPICIOUS_MOVE = YES;
				CLANG_WARN_UNGUARDED_AVAILABILITY = YES_AGGRESSIVE;
				CLANG_WARN_UNREACHABLE_CODE = YES;
				CLANG_WARN__DUPLICATE_METHOD_MATCH = YES;
				COPY_PHASE_STRIP = NO;
				DEBUG_INFORMATION_FORMAT = dwarf;
				ENABLE_STRICT_OBJC_MSGSEND = YES;
				ENABLE_TESTABILITY = YES;
				GCC_C_LANGUAGE_STANDARD = gnu11;
				GCC_DYNAMIC_NO_PIC = NO;
				GCC_NO_COMMON_BLOCKS = YES;
				GCC_OPTIMIZATION_LEVEL = 0;
				GCC_PREPROCESSOR_DEFINITIONS = (
					"DEBUG=1",
					"$(inherited)",
				);
				GCC_WARN_64_TO_32_BIT_CONVERSION = YES;
				GCC_WARN_ABOUT_RETURN_TYPE = YES_ERROR;
				GCC_WARN_UNDECLARED_SELECTOR = YES;
				GCC_WARN_UNINITIALIZED_AUTOS = YES_AGGRESSIVE;
				GCC_WARN_UNUSED_FUNCTION = YES;
				GCC_WARN_UNUSED_VARIABLE = YES;
				IPHONEOS_DEPLOYMENT_TARGET = 16.1;
				MTL_ENABLE_DEBUG_INFO = INCLUDE_SOURCE;
				MTL_FAST_MATH = YES;
				ONLY_ACTIVE_ARCH = YES;
				SDKROOT = iphoneos;
				SWIFT_ACTIVE_COMPILATION_CONDITIONS = DEBUG;
				SWIFT_OPTIMIZATION_LEVEL = "-Onone";
			};
			name = Debug;
		};
		80D6E4D12957494A000C66C0 /* Release */ = {
			isa = XCBuildConfiguration;
			buildSettings = {
				ALWAYS_SEARCH_USER_PATHS = NO;
				CLANG_ANALYZER_NONNULL = YES;
				CLANG_ANALYZER_NUMBER_OBJECT_CONVERSION = YES_AGGRESSIVE;
				CLANG_CXX_LANGUAGE_STANDARD = "gnu++20";
				CLANG_ENABLE_MODULES = YES;
				CLANG_ENABLE_OBJC_ARC = YES;
				CLANG_ENABLE_OBJC_WEAK = YES;
				CLANG_WARN_BLOCK_CAPTURE_AUTORELEASING = YES;
				CLANG_WARN_BOOL_CONVERSION = YES;
				CLANG_WARN_COMMA = YES;
				CLANG_WARN_CONSTANT_CONVERSION = YES;
				CLANG_WARN_DEPRECATED_OBJC_IMPLEMENTATIONS = YES;
				CLANG_WARN_DIRECT_OBJC_ISA_USAGE = YES_ERROR;
				CLANG_WARN_DOCUMENTATION_COMMENTS = YES;
				CLANG_WARN_EMPTY_BODY = YES;
				CLANG_WARN_ENUM_CONVERSION = YES;
				CLANG_WARN_INFINITE_RECURSION = YES;
				CLANG_WARN_INT_CONVERSION = YES;
				CLANG_WARN_NON_LITERAL_NULL_CONVERSION = YES;
				CLANG_WARN_OBJC_IMPLICIT_RETAIN_SELF = YES;
				CLANG_WARN_OBJC_LITERAL_CONVERSION = YES;
				CLANG_WARN_OBJC_ROOT_CLASS = YES_ERROR;
				CLANG_WARN_QUOTED_INCLUDE_IN_FRAMEWORK_HEADER = YES;
				CLANG_WARN_RANGE_LOOP_ANALYSIS = YES;
				CLANG_WARN_STRICT_PROTOTYPES = YES;
				CLANG_WARN_SUSPICIOUS_MOVE = YES;
				CLANG_WARN_UNGUARDED_AVAILABILITY = YES_AGGRESSIVE;
				CLANG_WARN_UNREACHABLE_CODE = YES;
				CLANG_WARN__DUPLICATE_METHOD_MATCH = YES;
				COPY_PHASE_STRIP = NO;
				DEBUG_INFORMATION_FORMAT = "dwarf-with-dsym";
				ENABLE_NS_ASSERTIONS = NO;
				ENABLE_STRICT_OBJC_MSGSEND = YES;
				GCC_C_LANGUAGE_STANDARD = gnu11;
				GCC_NO_COMMON_BLOCKS = YES;
				GCC_WARN_64_TO_32_BIT_CONVERSION = YES;
				GCC_WARN_ABOUT_RETURN_TYPE = YES_ERROR;
				GCC_WARN_UNDECLARED_SELECTOR = YES;
				GCC_WARN_UNINITIALIZED_AUTOS = YES_AGGRESSIVE;
				GCC_WARN_UNUSED_FUNCTION = YES;
				GCC_WARN_UNUSED_VARIABLE = YES;
				IPHONEOS_DEPLOYMENT_TARGET = 16.1;
				MTL_ENABLE_DEBUG_INFO = NO;
				MTL_FAST_MATH = YES;
				SDKROOT = iphoneos;
				SWIFT_COMPILATION_MODE = wholemodule;
				SWIFT_OPTIMIZATION_LEVEL = "-O";
				VALIDATE_PRODUCT = YES;
			};
			name = Release;
		};
		80D6E4D32957494A000C66C0 /* Debug */ = {
			isa = XCBuildConfiguration;
			buildSettings = {
				ASSETCATALOG_COMPILER_APPICON_NAME = AppIcon;
				ASSETCATALOG_COMPILER_GLOBAL_ACCENT_COLOR_NAME = AccentColor;
				CODE_SIGN_STYLE = Automatic;
				CURRENT_PROJECT_VERSION = 1;
				DEVELOPMENT_TEAM = X6QCC36TXK;
				GENERATE_INFOPLIST_FILE = YES;
				INFOPLIST_FILE = RickAndMorty/Resources/Info.plist;
				INFOPLIST_KEY_UIApplicationSupportsIndirectInputEvents = YES;
				INFOPLIST_KEY_UILaunchStoryboardName = LaunchScreen;
				INFOPLIST_KEY_UISupportedInterfaceOrientations = UIInterfaceOrientationPortrait;
				INFOPLIST_KEY_UISupportedInterfaceOrientations_iPad = "UIInterfaceOrientationLandscapeLeft UIInterfaceOrientationLandscapeRight UIInterfaceOrientationPortrait UIInterfaceOrientationPortraitUpsideDown";
				IPHONEOS_DEPLOYMENT_TARGET = 14.0;
				LD_RUNPATH_SEARCH_PATHS = (
					"$(inherited)",
					"@executable_path/Frameworks",
				);
				MARKETING_VERSION = 1.0;
				PRODUCT_BUNDLE_IDENTIFIER = com.kashchenko.RickAndMorty;
				PRODUCT_NAME = "$(TARGET_NAME)";
				SUPPORTED_PLATFORMS = "iphoneos iphonesimulator";
				SUPPORTS_MACCATALYST = NO;
				SUPPORTS_MAC_DESIGNED_FOR_IPHONE_IPAD = NO;
				SWIFT_EMIT_LOC_STRINGS = YES;
				SWIFT_VERSION = 5.0;
				TARGETED_DEVICE_FAMILY = 1;
			};
			name = Debug;
		};
		80D6E4D42957494A000C66C0 /* Release */ = {
			isa = XCBuildConfiguration;
			buildSettings = {
				ASSETCATALOG_COMPILER_APPICON_NAME = AppIcon;
				ASSETCATALOG_COMPILER_GLOBAL_ACCENT_COLOR_NAME = AccentColor;
				CODE_SIGN_STYLE = Automatic;
				CURRENT_PROJECT_VERSION = 1;
				DEVELOPMENT_TEAM = X6QCC36TXK;
				GENERATE_INFOPLIST_FILE = YES;
				INFOPLIST_FILE = RickAndMorty/Resources/Info.plist;
				INFOPLIST_KEY_UIApplicationSupportsIndirectInputEvents = YES;
				INFOPLIST_KEY_UILaunchStoryboardName = LaunchScreen;
				INFOPLIST_KEY_UISupportedInterfaceOrientations = UIInterfaceOrientationPortrait;
				INFOPLIST_KEY_UISupportedInterfaceOrientations_iPad = "UIInterfaceOrientationLandscapeLeft UIInterfaceOrientationLandscapeRight UIInterfaceOrientationPortrait UIInterfaceOrientationPortraitUpsideDown";
				IPHONEOS_DEPLOYMENT_TARGET = 14.0;
				LD_RUNPATH_SEARCH_PATHS = (
					"$(inherited)",
					"@executable_path/Frameworks",
				);
				MARKETING_VERSION = 1.0;
				PRODUCT_BUNDLE_IDENTIFIER = com.kashchenko.RickAndMorty;
				PRODUCT_NAME = "$(TARGET_NAME)";
				SUPPORTED_PLATFORMS = "iphoneos iphonesimulator";
				SUPPORTS_MACCATALYST = NO;
				SUPPORTS_MAC_DESIGNED_FOR_IPHONE_IPAD = NO;
				SWIFT_EMIT_LOC_STRINGS = YES;
				SWIFT_VERSION = 5.0;
				TARGETED_DEVICE_FAMILY = 1;
			};
			name = Release;
		};
/* End XCBuildConfiguration section */

/* Begin XCConfigurationList section */
		80D6E4B929574948000C66C0 /* Build configuration list for PBXProject "RickAndMorty" */ = {
			isa = XCConfigurationList;
			buildConfigurations = (
				80D6E4D02957494A000C66C0 /* Debug */,
				80D6E4D12957494A000C66C0 /* Release */,
			);
			defaultConfigurationIsVisible = 0;
			defaultConfigurationName = Release;
		};
		80D6E4D22957494A000C66C0 /* Build configuration list for PBXNativeTarget "RickAndMorty" */ = {
			isa = XCConfigurationList;
			buildConfigurations = (
				80D6E4D32957494A000C66C0 /* Debug */,
				80D6E4D42957494A000C66C0 /* Release */,
			);
			defaultConfigurationIsVisible = 0;
			defaultConfigurationName = Release;
		};
/* End XCConfigurationList section */
	};
	rootObject = 80D6E4B629574948000C66C0 /* Project object */;
}
